
Microsoft Visual Studio Solution File, Format Version 12.00
# Visual Studio Version 16
VisualStudioVersion = 16.0.33214.272
MinimumVisualStudioVersion = 10.0.40219.1
Project("{FAE04EC0-301F-11D3-BF4B-00C04F79EFBC}") = "RSA PRAKTIKA", "RSA PRAKTIKA\RSA PRAKTIKA.csproj", "{759FCACD-22B8-4955-9F97-F9B10EDCE15E}"
EndProject
Global
	GlobalSection(SolutionConfigurationPlatforms) = preSolution
		Debug|Any CPU = Debug|Any CPU
		Release|Any CPU = Release|Any CPU
	EndGlobalSection
	GlobalSection(ProjectConfigurationPlatforms) = postSolution
		{759FCACD-22B8-4955-9F97-F9B10EDCE15E}.Debug|Any CPU.ActiveCfg = Debug|Any CPU
		{759FCACD-22B8-4955-9F97-F9B10EDCE15E}.Debug|Any CPU.Build.0 = Debug|Any CPU
		{759FCACD-22B8-4955-9F97-F9B10EDCE15E}.Release|Any CPU.ActiveCfg = Release|Any CPU
		{759FCACD-22B8-4955-9F97-F9B10EDCE15E}.Release|Any CPU.Build.0 = Release|Any CPU
	EndGlobalSection
	GlobalSection(SolutionProperties) = preSolution
		HideSolutionNode = FALSE
	EndGlobalSection
	GlobalSection(ExtensibilityGlobals) = postSolution
		SolutionGuid = {2755BF42-CC4F-4144-9ECE-F6F0DE7FB6C0}
	EndGlobalSection
EndGlobal
